# THIS IS AN AUTOGENERATED FILE. DO NOT EDIT THIS FILE DIRECTLY.
# yarn lockfile v1


"@pronix/flux@^1.0.10":
  version "1.0.10"
  resolved "https://registry.yarnpkg.com/@pronix/flux/-/flux-1.0.10.tgz#1b411762d7f5409d13a969f0da087ccab035bd39"
  integrity sha512-rOp0iGN8amepXu9KEB7o5BUyBKAsByu29kYDYIw6kATsAEPkR2ohc0NI9aliIpwgBKdXhTOI7iQs3LtpVGM0nA==
  dependencies:
    "@types/clone" "^0.1.30"
    "@types/deep-diff" "^1.0.0"
    clone "^2.1.2"
    deep-diff "^1.0.2"

"@pronix/hyper-flow@^1.2.5":
  version "1.2.5"
  resolved "https://registry.yarnpkg.com/@pronix/hyper-flow/-/hyper-flow-1.2.5.tgz#8a3387db079679ac910d419e942b60cc0d2f7fea"
  integrity sha512-WXQJS/FO03kCVy0ZnMVsDmT9chFy0mhQH7662EBdXUiVFjKjuU3QZUeGA6yjmKRLruaFQGk7e8krAFMXeexiCw==
  dependencies:
    "@types/node" "^14.0.13"
    "@types/readline-sync" "^1.4.3"
    chalk "^4.1.0"
    readline-sync "^1.4.10"

"@types/clone@^0.1.30":
  version "0.1.30"
  resolved "https://registry.yarnpkg.com/@types/clone/-/clone-0.1.30.tgz#e7365648c1b42136a59c7d5040637b3b5c83b614"
  integrity sha1-5zZWSMG0ITalnH1QQGN7O1yDthQ=

"@types/deep-diff@^1.0.0":
  version "1.0.0"
  resolved "https://registry.yarnpkg.com/@types/deep-diff/-/deep-diff-1.0.0.tgz#7eba3202a99b3a207f758f351f7f86387269fc40"
  integrity sha512-ENsJcujGbCU/oXhDfQ12mSo/mCBWodT2tpARZKmatoSrf8+cGRCPi0KVj3I0FORhYZfLXkewXu7AoIWqiBLkNw==

"@types/node@^14.0.13":
  version "14.14.25"
  resolved "https://registry.yarnpkg.com/@types/node/-/node-14.14.25.tgz#15967a7b577ff81383f9b888aa6705d43fbbae93"
  integrity sha512-EPpXLOVqDvisVxtlbvzfyqSsFeQxltFbluZNRndIb8tr9KiBnYNLzrc1N3pyKUCww2RNrfHDViqDWWE1LCJQtQ==

"@types/readline-sync@^1.4.3":
  version "1.4.3"
  resolved "https://registry.yarnpkg.com/@types/readline-sync/-/readline-sync-1.4.3.tgz#eac55a39d5a349912062c9e5216cd550c07fd9c8"
  integrity sha512-YP9NVli96E+qQLAF2db+VjnAUEeZcFVg4YnMgr8kpDUFwQBnj31rPLOVHmazbKQhaIkJ9cMHsZhpKdzUeL0KTg==

ansi-styles@^4.1.0:
  version "4.3.0"
  resolved "https://registry.yarnpkg.com/ansi-styles/-/ansi-styles-4.3.0.tgz#edd803628ae71c04c85ae7a0906edad34b648937"
  integrity sha512-zbB9rCJAT1rbjiVDb2hqKFHNYLxgtk8NURxZ3IZwD3F6NtxbXZQCnnSi1Lkx+IDohdPlFp222wVALIheZJQSEg==
  dependencies:
    color-convert "^2.0.1"

chalk@^4.1.0:
  version "4.1.0"
  resolved "https://registry.yarnpkg.com/chalk/-/chalk-4.1.0.tgz#4e14870a618d9e2edd97dd8345fd9d9dc315646a"
  integrity sha512-qwx12AxXe2Q5xQ43Ac//I6v5aXTipYrSESdOgzrN+9XjgEpyjpKuvSGaN4qE93f7TQTlerQQ8S+EQ0EyDoVL1A==
  dependencies:
    ansi-styles "^4.1.0"
    supports-color "^7.1.0"

clone@^2.1.2:
  version "2.1.2"
  resolved "https://registry.yarnpkg.com/clone/-/clone-2.1.2.tgz#1b7f4b9f591f1e8f83670401600345a02887435f"
  integrity sha1-G39Ln1kfHo+DZwQBYANFoCiHQ18=

color-convert@^2.0.1:
  version "2.0.1"
  resolved "https://registry.yarnpkg.com/color-convert/-/color-convert-2.0.1.tgz#72d3a68d598c9bdb3af2ad1e84f21d896abd4de3"
  integrity sha512-RRECPsj7iu/xb5oKYcsFHSppFNnsj/52OVTRKb4zP5onXwVF3zVmmToNcOfGC+CRDpfK/U584fMg38ZHCaElKQ==
  dependencies:
    color-name "~1.1.4"

color-name@~1.1.4:
  version "1.1.4"
  resolved "https://registry.yarnpkg.com/color-name/-/color-name-1.1.4.tgz#c2a09a87acbde69543de6f63fa3995c826c536a2"
  integrity sha512-dOy+3AuW3a2wNbZHIuMZpTcgjGuLU/uBL/ubcZF9OXbDo8ff4O8yVp5Bf0efS8uEoYo5q4Fx7dY9OgQGXgAsQA==

deep-diff@^1.0.2:
  version "1.0.2"
  resolved "https://registry.yarnpkg.com/deep-diff/-/deep-diff-1.0.2.tgz#afd3d1f749115be965e89c63edc7abb1506b9c26"
  integrity sha512-aWS3UIVH+NPGCD1kki+DCU9Dua032iSsO43LqQpcs4R3+dVv7tX0qBGjiVHJHjplsoUM2XRO/KB92glqc68awg==

has-flag@^4.0.0:
  version "4.0.0"
  resolved "https://registry.yarnpkg.com/has-flag/-/has-flag-4.0.0.tgz#944771fd9c81c81265c4d6941860da06bb59479b"
  integrity sha512-EykJT/Q1KjTWctppgIAgfSO0tKVuZUjhgMr17kqTumMl6Afv3EISleU7qZUzoXDFTAHTDC4NOoG/ZxU3EvlMPQ==

readline-sync@^1.4.10:
  version "1.4.10"
  resolved "https://registry.yarnpkg.com/readline-sync/-/readline-sync-1.4.10.tgz#41df7fbb4b6312d673011594145705bf56d8873b"
  integrity sha512-gNva8/6UAe8QYepIQH/jQ2qn91Qj0B9sYjMBBs3QOB8F2CXcKgLxQaJRP76sWVRQt+QU+8fAkCbCvjjMFu7Ycw==

supports-color@^7.1.0:
  version "7.2.0"
  resolved "https://registry.yarnpkg.com/supports-color/-/supports-color-7.2.0.tgz#1b7dcdcb32b8138801b3e478ba6a51caa89648da"
  integrity sha512-qpCAvRl9stuOHveKsn7HncJRvv501qIacKzQlO/+Lwxc9+0q2wLyv4Dfvt80/DPn2pqOBsJdDiogXGR9+OvwRw==
  dependencies:
    has-flag "^4.0.0"
